// !$*UTF8*$!
{
	archiveVersion = 1;
	classes = {
	};
	objectVersion = 50;
	objects = {

/* Begin PBXBuildFile section */
		C07E9B342649BCE900B54644 /* SpotifyNowPlayingView.swift in Sources */ = {isa = PBXBuildFile; fileRef = C07E9B332649BCE900B54644 /* SpotifyNowPlayingView.swift */; };
		C07FA0452649BB3600D4D4B9 /* Random_SwiftUIApp.swift in Sources */ = {isa = PBXBuildFile; fileRef = C07FA0442649BB3600D4D4B9 /* Random_SwiftUIApp.swift */; };
		C07FA0472649BB3600D4D4B9 /* RootView.swift in Sources */ = {isa = PBXBuildFile; fileRef = C07FA0462649BB3600D4D4B9 /* RootView.swift */; };
		C07FA0492649BB3700D4D4B9 /* Assets.xcassets in Resources */ = {isa = PBXBuildFile; fileRef = C07FA0482649BB3700D4D4B9 /* Assets.xcassets */; };
		C07FA04C2649BB3700D4D4B9 /* Preview Assets.xcassets in Resources */ = {isa = PBXBuildFile; fileRef = C07FA04B2649BB3700D4D4B9 /* Preview Assets.xcassets */; };
		C0A7552F264C669100E03A35 /* AppleClockView.swift in Sources */ = {isa = PBXBuildFile; fileRef = C0A7552E264C669100E03A35 /* AppleClockView.swift */; };
/* End PBXBuildFile section */

/* Begin PBXFileReference section */
		C07E9B332649BCE900B54644 /* SpotifyNowPlayingView.swift */ = {isa = PBXFileReference; lastKnownFileType = sourcecode.swift; path = SpotifyNowPlayingView.swift; sourceTree = "<group>"; };
		C07FA0412649BB3600D4D4B9 /* Random SwiftUI.app */ = {isa = PBXFileReference; explicitFileType = wrapper.application; includeInIndex = 0; path = "Random SwiftUI.app"; sourceTree = BUILT_PRODUCTS_DIR; };
		C07FA0442649BB3600D4D4B9 /* Random_SwiftUIApp.swift */ = {isa = PBXFileReference; lastKnownFileType = sourcecode.swift; path = Random_SwiftUIApp.swift; sourceTree = "<group>"; };
		C07FA0462649BB3600D4D4B9 /* RootView.swift */ = {isa = PBXFileReference; lastKnownFileType = sourcecode.swift; path = RootView.swift; sourceTree = "<group>"; };
		C07FA0482649BB3700D4D4B9 /* Assets.xcassets */ = {isa = PBXFileReference; lastKnownFileType = folder.assetcatalog; path = Assets.xcassets; sourceTree = "<group>"; };
		C07FA04B2649BB3700D4D4B9 /* Preview Assets.xcassets */ = {isa = PBXFileReference; lastKnownFileType = folder.assetcatalog; path = "Preview Assets.xcassets"; sourceTree = "<group>"; };
		C07FA04D2649BB3700D4D4B9 /* Info.plist */ = {isa = PBXFileReference; lastKnownFileType = text.plist.xml; path = Info.plist; sourceTree = "<group>"; };
		C0A7552E264C669100E03A35 /* AppleClockView.swift */ = {isa = PBXFileReference; lastKnownFileType = sourcecode.swift; path = AppleClockView.swift; sourceTree = "<group>"; };
/* End PBXFileReference section */

/* Begin PBXFrameworksBuildPhase section */
		C07FA03E2649BB3600D4D4B9 /* Frameworks */ = {
			isa = PBXFrameworksBuildPhase;
			buildActionMask = 2147483647;
			files = (
			);
			runOnlyForDeploymentPostprocessing = 0;
		};
/* End PBXFrameworksBuildPhase section */

/* Begin PBXGroup section */
		C07FA0382649BB3600D4D4B9 = {
			isa = PBXGroup;
			children = (
				C07FA0432649BB3600D4D4B9 /* Random SwiftUI */,
				C07FA0422649BB3600D4D4B9 /* Products */,
			);
			sourceTree = "<group>";
		};
		C07FA0422649BB3600D4D4B9 /* Products */ = {
			isa = PBXGroup;
			children = (
				C07FA0412649BB3600D4D4B9 /* Random SwiftUI.app */,
			);
			name = Products;
			sourceTree = "<group>";
		};
		C07FA0432649BB3600D4D4B9 /* Random SwiftUI */ = {
			isa = PBXGroup;
			children = (
				C07FA0442649BB3600D4D4B9 /* Random_SwiftUIApp.swift */,
				C07FA0462649BB3600D4D4B9 /* RootView.swift */,
				C07E9B332649BCE900B54644 /* SpotifyNowPlayingView.swift */,
				C0A7552E264C669100E03A35 /* AppleClockView.swift */,
				C07FA0482649BB3700D4D4B9 /* Assets.xcassets */,
				C07FA04D2649BB3700D4D4B9 /* Info.plist */,
				C07FA04A2649BB3700D4D4B9 /* Preview Content */,
			);
			path = "Random SwiftUI";
			sourceTree = "<group>";
		};
		C07FA04A2649BB3700D4D4B9 /* Preview Content */ = {
			isa = PBXGroup;
			children = (
				C07FA04B2649BB3700D4D4B9 /* Preview Assets.xcassets */,
			);
			path = "Preview Content";
			sourceTree = "<group>";
		};
/* End PBXGroup section */

/* Begin PBXNativeTarget section */
		C07FA0402649BB3600D4D4B9 /* Random SwiftUI */ = {
			isa = PBXNativeTarget;
			buildConfigurationList = C07FA0502649BB3700D4D4B9 /* Build configuration list for PBXNativeTarget "Random SwiftUI" */;
			buildPhases = (
				C07FA03D2649BB3600D4D4B9 /* Sources */,
				C07FA03E2649BB3600D4D4B9 /* Frameworks */,
				C07FA03F2649BB3600D4D4B9 /* Resources */,
			);
			buildRules = (
			);
			dependencies = (
			);
			name = "Random SwiftUI";
			productName = "Random SwiftUI";
			productReference = C07FA0412649BB3600D4D4B9 /* Random SwiftUI.app */;
			productType = "com.apple.product-type.application";
		};
/* End PBXNativeTarget section */

/* Begin PBXProject section */
		C07FA0392649BB3600D4D4B9 /* Project object */ = {
			isa = PBXProject;
			attributes = {
				LastSwiftUpdateCheck = 1240;
				LastUpgradeCheck = 1240;
				TargetAttributes = {
					C07FA0402649BB3600D4D4B9 = {
						CreatedOnToolsVersion = 12.4;
					};
				};
			};
			buildConfigurationList = C07FA03C2649BB3600D4D4B9 /* Build configuration list for PBXProject "Random SwiftUI" */;
			compatibilityVersion = "Xcode 9.3";
			developmentRegion = en;
			hasScannedForEncodings = 0;
			knownRegions = (
				en,
				Base,
			);
			mainGroup = C07FA0382649BB3600D4D4B9;
			productRefGroup = C07FA0422649BB3600D4D4B9 /* Products */;
			projectDirPath = "";
			projectRoot = "";
			targets = (
				C07FA0402649BB3600D4D4B9 /* Random SwiftUI */,
			);
		};
/* End PBXProject section */

/* Begin PBXResourcesBuildPhase section */
		C07FA03F2649BB3600D4D4B9 /* Resources */ = {
			isa = PBXResourcesBuildPhase;
			buildActionMask = 2147483647;
			files = (
				C07FA04C2649BB3700D4D4B9 /* Preview Assets.xcassets in Resources */,
				C07FA0492649BB3700D4D4B9 /* Assets.xcassets in Resources */,
			);
			runOnlyForDeploymentPostprocessing = 0;
		};
/* End PBXResourcesBuildPhase section */

/* Begin PBXSourcesBuildPhase section */
		C07FA03D2649BB3600D4D4B9 /* Sources */ = {
			isa = PBXSourcesBuildPhase;
			buildActionMask = 2147483647;
			files = (
				C0A7552F264C669100E03A35 /* AppleClockView.swift in Sources */,
				C07FA0472649BB3600D4D4B9 /* RootView.swift in Sources */,
				C07FA0452649BB3600D4D4B9 /* Random_SwiftUIApp.swift in Sources */,
				C07E9B342649BCE900B54644 /* SpotifyNowPlayingView.swift in Sources */,
			);
			runOnlyForDeploymentPostprocessing = 0;
		};
/* End PBXSourcesBuildPhase section */

/* Begin XCBuildConfiguration section */
		C07FA04E2649BB3700D4D4B9 /* Debug */ = {
			isa = XCBuildConfiguration;
			buildSettings = {
				ALWAYS_SEARCH_USER_PATHS = NO;
				CLANG_ANALYZER_NONNULL = YES;
				CLANG_ANALYZER_NUMBER_OBJECT_CONVERSION = YES_AGGRESSIVE;
				CLANG_CXX_LANGUAGE_STANDARD = "gnu++14";
				CLANG_CXX_LIBRARY = "libc++";
				CLANG_ENABLE_MODULES = YES;
				CLANG_ENABLE_OBJC_ARC = YES;
				CLANG_ENABLE_OBJC_WEAK = YES;
				CLANG_WARN_BLOCK_CAPTURE_AUTORELEASING = YES;
				CLANG_WARN_BOOL_CONVERSION = YES;
				CLANG_WARN_COMMA = YES;
				CLANG_WARN_CONSTANT_CONVERSION = YES;
				CLANG_WARN_DEPRECATED_OBJC_IMPLEMENTATIONS = YES;
				CLANG_WARN_DIRECT_OBJC_ISA_USAGE = YES_ERROR;
				CLANG_WARN_DOCUMENTATION_COMMENTS = YES;
				CLANG_WARN_EMPTY_BODY = YES;
				CLANG_WARN_ENUM_CONVERSION = YES;
				CLANG_WARN_INFINITE_RECURSION = YES;
				CLANG_WARN_INT_CONVERSION = YES;
				CLANG_WARN_NON_LITERAL_NULL_CONVERSION = YES;
				CLANG_WARN_OBJC_IMPLICIT_RETAIN_SELF = YES;
				CLANG_WARN_OBJC_LITERAL_CONVERSION = YES;
				CLANG_WARN_OBJC_ROOT_CLASS = YES_ERROR;
				CLANG_WARN_QUOTED_INCLUDE_IN_FRAMEWORK_HEADER = YES;
				CLANG_WARN_RANGE_LOOP_ANALYSIS = YES;
				CLANG_WARN_STRICT_PROTOTYPES = YES;
				CLANG_WARN_SUSPICIOUS_MOVE = YES;
				CLANG_WARN_UNGUARDED_AVAILABILITY = YES_AGGRESSIVE;
				CLANG_WARN_UNREACHABLE_CODE = YES;
				CLANG_WARN__DUPLICATE_METHOD_MATCH = YES;
				COPY_PHASE_STRIP = NO;
				DEBUG_INFORMATION_FORMAT = dwarf;
				ENABLE_STRICT_OBJC_MSGSEND = YES;
				ENABLE_TESTABILITY = YES;
				GCC_C_LANGUAGE_STANDARD = gnu11;
				GCC_DYNAMIC_NO_PIC = NO;
				GCC_NO_COMMON_BLOCKS = YES;
				GCC_OPTIMIZATION_LEVEL = 0;
				GCC_PREPROCESSOR_DEFINITIONS = (
					"DEBUG=1",
					"$(inherited)",
				);
				GCC_WARN_64_TO_32_BIT_CONVERSION = YES;
				GCC_WARN_ABOUT_RETURN_TYPE = YES_ERROR;
				GCC_WARN_UNDECLARED_SELECTOR = YES;
				GCC_WARN_UNINITIALIZED_AUTOS = YES_AGGRESSIVE;
				GCC_WARN_UNUSED_FUNCTION = YES;
				GCC_WARN_UNUSED_VARIABLE = YES;
				IPHONEOS_DEPLOYMENT_TARGET = 14.4;
				MTL_ENABLE_DEBUG_INFO = INCLUDE_SOURCE;
				MTL_FAST_MATH = YES;
				ONLY_ACTIVE_ARCH = YES;
				SDKROOT = iphoneos;
				SWIFT_ACTIVE_COMPILATION_CONDITIONS = DEBUG;
				SWIFT_OPTIMIZATION_LEVEL = "-Onone";
			};
			name = Debug;
		};
		C07FA04F2649BB3700D4D4B9 /* Release */ = {
			isa = XCBuildConfiguration;
			buildSettings = {
				ALWAYS_SEARCH_USER_PATHS = NO;
				CLANG_ANALYZER_NONNULL = YES;
				CLANG_ANALYZER_NUMBER_OBJECT_CONVERSION = YES_AGGRESSIVE;
				CLANG_CXX_LANGUAGE_STANDARD = "gnu++14";
				CLANG_CXX_LIBRARY = "libc++";
				CLANG_ENABLE_MODULES = YES;
				CLANG_ENABLE_OBJC_ARC = YES;
				CLANG_ENABLE_OBJC_WEAK = YES;
				CLANG_WARN_BLOCK_CAPTURE_AUTORELEASING = YES;
				CLANG_WARN_BOOL_CONVERSION = YES;
				CLANG_WARN_COMMA = YES;
				CLANG_WARN_CONSTANT_CONVERSION = YES;
				CLANG_WARN_DEPRECATED_OBJC_IMPLEMENTATIONS = YES;
				CLANG_WARN_DIRECT_OBJC_ISA_USAGE = YES_ERROR;
				CLANG_WARN_DOCUMENTATION_COMMENTS = YES;
				CLANG_WARN_EMPTY_BODY = YES;
				CLANG_WARN_ENUM_CONVERSION = YES;
				CLANG_WARN_INFINITE_RECURSION = YES;
				CLANG_WARN_INT_CONVERSION = YES;
				CLANG_WARN_NON_LITERAL_NULL_CONVERSION = YES;
				CLANG_WARN_OBJC_IMPLICIT_RETAIN_SELF = YES;
				CLANG_WARN_OBJC_LITERAL_CONVERSION = YES;
				CLANG_WARN_OBJC_ROOT_CLASS = YES_ERROR;
				CLANG_WARN_QUOTED_INCLUDE_IN_FRAMEWORK_HEADER = YES;
				CLANG_WARN_RANGE_LOOP_ANALYSIS = YES;
				CLANG_WARN_STRICT_PROTOTYPES = YES;
				CLANG_WARN_SUSPICIOUS_MOVE = YES;
				CLANG_WARN_UNGUARDED_AVAILABILITY = YES_AGGRESSIVE;
				CLANG_WARN_UNREACHABLE_CODE = YES;
				CLANG_WARN__DUPLICATE_METHOD_MATCH = YES;
				COPY_PHASE_STRIP = NO;
				DEBUG_INFORMATION_FORMAT = "dwarf-with-dsym";
				ENABLE_NS_ASSERTIONS = NO;
				ENABLE_STRICT_OBJC_MSGSEND = YES;
				GCC_C_LANGUAGE_STANDARD = gnu11;
				GCC_NO_COMMON_BLOCKS = YES;
				GCC_WARN_64_TO_32_BIT_CONVERSION = YES;
				GCC_WARN_ABOUT_RETURN_TYPE = YES_ERROR;
				GCC_WARN_UNDECLARED_SELECTOR = YES;
				GCC_WARN_UNINITIALIZED_AUTOS = YES_AGGRESSIVE;
				GCC_WARN_UNUSED_FUNCTION = YES;
				GCC_WARN_UNUSED_VARIABLE = YES;
				IPHONEOS_DEPLOYMENT_TARGET = 14.4;
				MTL_ENABLE_DEBUG_INFO = NO;
				MTL_FAST_MATH = YES;
				SDKROOT = iphoneos;
				SWIFT_COMPILATION_MODE = wholemodule;
				SWIFT_OPTIMIZATION_LEVEL = "-O";
				VALIDATE_PRODUCT = YES;
			};
			name = Release;
		};
		C07FA0512649BB3700D4D4B9 /* Debug */ = {
			isa = XCBuildConfiguration;
			buildSettings = {
				ASSETCATALOG_COMPILER_APPICON_NAME = AppIcon;
				ASSETCATALOG_COMPILER_GLOBAL_ACCENT_COLOR_NAME = AccentColor;
				CODE_SIGN_STYLE = Automatic;
				DEVELOPMENT_ASSET_PATHS = "\"Random SwiftUI/Preview Content\"";
				ENABLE_PREVIEWS = YES;
				INFOPLIST_FILE = "Random SwiftUI/Info.plist";
				IPHONEOS_DEPLOYMENT_TARGET = 14.0;
				LD_RUNPATH_SEARCH_PATHS = (
					"$(inherited)",
					"@executable_path/Frameworks",
				);
				PRODUCT_BUNDLE_IDENTIFIER = "info.nguyenthanhnhon.Random-SwiftUI";
				PRODUCT_NAME = "$(TARGET_NAME)";
				SWIFT_VERSION = 5.0;
				TARGETED_DEVICE_FAMILY = "1,2";
			};
			name = Debug;
		};
		C07FA0522649BB3700D4D4B9 /* Release */ = {
			isa = XCBuildConfiguration;
			buildSettings = {
				ASSETCATALOG_COMPILER_APPICON_NAME = AppIcon;
				ASSETCATALOG_COMPILER_GLOBAL_ACCENT_COLOR_NAME = AccentColor;
				CODE_SIGN_STYLE = Automatic;
				DEVELOPMENT_ASSET_PATHS = "\"Random SwiftUI/Preview Content\"";
				ENABLE_PREVIEWS = YES;
				INFOPLIST_FILE = "Random SwiftUI/Info.plist";
				IPHONEOS_DEPLOYMENT_TARGET = 14.0;
				LD_RUNPATH_SEARCH_PATHS = (
					"$(inherited)",
					"@executable_path/Frameworks",
				);
				PRODUCT_BUNDLE_IDENTIFIER = "info.nguyenthanhnhon.Random-SwiftUI";
				PRODUCT_NAME = "$(TARGET_NAME)";
				SWIFT_VERSION = 5.0;
				TARGETED_DEVICE_FAMILY = "1,2";
			};
			name = Release;
		};
/* End XCBuildConfiguration section */

/* Begin XCConfigurationList section */
		C07FA03C2649BB3600D4D4B9 /* Build configuration list for PBXProject "Random SwiftUI" */ = {
			isa = XCConfigurationList;
			buildConfigurations = (
				C07FA04E2649BB3700D4D4B9 /* Debug */,
				C07FA04F2649BB3700D4D4B9 /* Release */,
			);
			defaultConfigurationIsVisible = 0;
			defaultConfigurationName = Release;
		};
		C07FA0502649BB3700D4D4B9 /* Build configuration list for PBXNativeTarget "Random SwiftUI" */ = {
			isa = XCConfigurationList;
			buildConfigurations = (
				C07FA0512649BB3700D4D4B9 /* Debug */,
				C07FA0522649BB3700D4D4B9 /* Release */,
			);
			defaultConfigurationIsVisible = 0;
			defaultConfigurationName = Release;
		};
/* End XCConfigurationList section */
	};
	rootObject = C07FA0392649BB3600D4D4B9 /* Project object */;
}
